// !$*UTF8*$!
{
	archiveVersion = 1;
	classes = {
	};
	objectVersion = 56;
	objects = {

/* Begin PBXBuildFile section */
		14C91C462AC6C91A009209A5 /* FirebaseAnalytics in Frameworks */ = {isa = PBXBuildFile; productRef = 14C91C452AC6C91A009209A5 /* FirebaseAnalytics */; };
		14C91C482AC6C91A009209A5 /* FirebaseAnalyticsOnDeviceConversion in Frameworks */ = {isa = PBXBuildFile; productRef = 14C91C472AC6C91A009209A5 /* FirebaseAnalyticsOnDeviceConversion */; };
		14C91C4A2AC6C91A009209A5 /* FirebaseAnalyticsSwift in Frameworks */ = {isa = PBXBuildFile; productRef = 14C91C492AC6C91A009209A5 /* FirebaseAnalyticsSwift */; };
		14C91C4C2AC6C91A009209A5 /* FirebaseAnalyticsWithoutAdIdSupport in Frameworks */ = {isa = PBXBuildFile; productRef = 14C91C4B2AC6C91A009209A5 /* FirebaseAnalyticsWithoutAdIdSupport */; };
		14C91C4E2AC6C91A009209A5 /* FirebaseAppCheck in Frameworks */ = {isa = PBXBuildFile; productRef = 14C91C4D2AC6C91A009209A5 /* FirebaseAppCheck */; };
		14C91C502AC6C91A009209A5 /* FirebaseAppDistribution-Beta in Frameworks */ = {isa = PBXBuildFile; productRef = 14C91C4F2AC6C91A009209A5 /* FirebaseAppDistribution-Beta */; };
		14C91C522AC6C91A009209A5 /* FirebaseAuth in Frameworks */ = {isa = PBXBuildFile; productRef = 14C91C512AC6C91A009209A5 /* FirebaseAuth */; };
		14C91C542AC6C91A009209A5 /* FirebaseAuthCombine-Community in Frameworks */ = {isa = PBXBuildFile; productRef = 14C91C532AC6C91A009209A5 /* FirebaseAuthCombine-Community */; };
		14C91C562AC6C91A009209A5 /* FirebaseCrashlytics in Frameworks */ = {isa = PBXBuildFile; productRef = 14C91C552AC6C91A009209A5 /* FirebaseCrashlytics */; };
		14C91C582AC6C91A009209A5 /* FirebaseDatabase in Frameworks */ = {isa = PBXBuildFile; productRef = 14C91C572AC6C91A009209A5 /* FirebaseDatabase */; };
		14C91C5A2AC6C91A009209A5 /* FirebaseDatabaseSwift in Frameworks */ = {isa = PBXBuildFile; productRef = 14C91C592AC6C91A009209A5 /* FirebaseDatabaseSwift */; };
		14C91C5C2AC6C91A009209A5 /* FirebaseDynamicLinks in Frameworks */ = {isa = PBXBuildFile; productRef = 14C91C5B2AC6C91A009209A5 /* FirebaseDynamicLinks */; };
		14C91C5E2AC6C91A009209A5 /* FirebaseFirestore in Frameworks */ = {isa = PBXBuildFile; productRef = 14C91C5D2AC6C91A009209A5 /* FirebaseFirestore */; };
		14C91C602AC6C91A009209A5 /* FirebaseFirestoreCombine-Community in Frameworks */ = {isa = PBXBuildFile; productRef = 14C91C5F2AC6C91A009209A5 /* FirebaseFirestoreCombine-Community */; };
		14C91C622AC6C91A009209A5 /* FirebaseFirestoreSwift in Frameworks */ = {isa = PBXBuildFile; productRef = 14C91C612AC6C91A009209A5 /* FirebaseFirestoreSwift */; };
		14C91C642AC6C91A009209A5 /* FirebaseFunctions in Frameworks */ = {isa = PBXBuildFile; productRef = 14C91C632AC6C91A009209A5 /* FirebaseFunctions */; };
		14C91C662AC6C91A009209A5 /* FirebaseFunctionsCombine-Community in Frameworks */ = {isa = PBXBuildFile; productRef = 14C91C652AC6C91A009209A5 /* FirebaseFunctionsCombine-Community */; };
		14C91C682AC6C91A009209A5 /* FirebaseInAppMessaging-Beta in Frameworks */ = {isa = PBXBuildFile; productRef = 14C91C672AC6C91A009209A5 /* FirebaseInAppMessaging-Beta */; };
		14C91C6A2AC6C91A009209A5 /* FirebaseInAppMessagingSwift-Beta in Frameworks */ = {isa = PBXBuildFile; productRef = 14C91C692AC6C91A009209A5 /* FirebaseInAppMessagingSwift-Beta */; };
		14C91C6C2AC6C91A009209A5 /* FirebaseInstallations in Frameworks */ = {isa = PBXBuildFile; productRef = 14C91C6B2AC6C91A009209A5 /* FirebaseInstallations */; };
		14C91C6E2AC6C91A009209A5 /* FirebaseMLModelDownloader in Frameworks */ = {isa = PBXBuildFile; productRef = 14C91C6D2AC6C91A009209A5 /* FirebaseMLModelDownloader */; };
		14C91C702AC6C91A009209A5 /* FirebaseMessaging in Frameworks */ = {isa = PBXBuildFile; productRef = 14C91C6F2AC6C91A009209A5 /* FirebaseMessaging */; };
		14C91C722AC6C91A009209A5 /* FirebasePerformance in Frameworks */ = {isa = PBXBuildFile; productRef = 14C91C712AC6C91A009209A5 /* FirebasePerformance */; };
		14C91C742AC6C91A009209A5 /* FirebaseRemoteConfig in Frameworks */ = {isa = PBXBuildFile; productRef = 14C91C732AC6C91A009209A5 /* FirebaseRemoteConfig */; };
		14C91C762AC6C91A009209A5 /* FirebaseRemoteConfigSwift in Frameworks */ = {isa = PBXBuildFile; productRef = 14C91C752AC6C91A009209A5 /* FirebaseRemoteConfigSwift */; };
		14C91C782AC6C91A009209A5 /* FirebaseStorage in Frameworks */ = {isa = PBXBuildFile; productRef = 14C91C772AC6C91A009209A5 /* FirebaseStorage */; };
		14C91C7A2AC6C91A009209A5 /* FirebaseStorageCombine-Community in Frameworks */ = {isa = PBXBuildFile; productRef = 14C91C792AC6C91A009209A5 /* FirebaseStorageCombine-Community */; };
		14C91C7C2AC6CDFD009209A5 /* GoogleService-Info.plist in Resources */ = {isa = PBXBuildFile; fileRef = 14C91C7B2AC6CDFD009209A5 /* GoogleService-Info.plist */; };
		14C91C832AC6D270009209A5 /* ProfileView.swift in Sources */ = {isa = PBXBuildFile; fileRef = 14C91C822AC6D270009209A5 /* ProfileView.swift */; };
		14C91C852AC6D289009209A5 /* ToDoListView.swift in Sources */ = {isa = PBXBuildFile; fileRef = 14C91C842AC6D289009209A5 /* ToDoListView.swift */; };
		14C91C872AC6D2A2009209A5 /* NewItemView.swift in Sources */ = {isa = PBXBuildFile; fileRef = 14C91C862AC6D2A2009209A5 /* NewItemView.swift */; };
		14C91C892AC6D2B1009209A5 /* LoginView.swift in Sources */ = {isa = PBXBuildFile; fileRef = 14C91C882AC6D2B1009209A5 /* LoginView.swift */; };
		14C91C8B2AC6D2DB009209A5 /* RegisterView.swift in Sources */ = {isa = PBXBuildFile; fileRef = 14C91C8A2AC6D2DB009209A5 /* RegisterView.swift */; };
		14C91C8D2AC6D343009209A5 /* ToDoListItemView.swift in Sources */ = {isa = PBXBuildFile; fileRef = 14C91C8C2AC6D343009209A5 /* ToDoListItemView.swift */; };
		14C91C8F2AC6D397009209A5 /* User.swift in Sources */ = {isa = PBXBuildFile; fileRef = 14C91C8E2AC6D397009209A5 /* User.swift */; };
		14C91C912AC6D3A4009209A5 /* ToDoListItem.swift in Sources */ = {isa = PBXBuildFile; fileRef = 14C91C902AC6D3A4009209A5 /* ToDoListItem.swift */; };
		14C91C932AC6D3CA009209A5 /* MainViewViewModel.swift in Sources */ = {isa = PBXBuildFile; fileRef = 14C91C922AC6D3CA009209A5 /* MainViewViewModel.swift */; };
		14C91C952AC6D3D7009209A5 /* ProfileViewViewModel.swift in Sources */ = {isa = PBXBuildFile; fileRef = 14C91C942AC6D3D7009209A5 /* ProfileViewViewModel.swift */; };
		14C91C972AC6D3E9009209A5 /* ToDoListViewViewModel.swift in Sources */ = {isa = PBXBuildFile; fileRef = 14C91C962AC6D3E9009209A5 /* ToDoListViewViewModel.swift */; };
		14C91C992AC6D3FA009209A5 /* NewItemViewViewModel.swift in Sources */ = {isa = PBXBuildFile; fileRef = 14C91C982AC6D3FA009209A5 /* NewItemViewViewModel.swift */; };
		14C91C9B2AC6D404009209A5 /* LoginViewViewModel.swift in Sources */ = {isa = PBXBuildFile; fileRef = 14C91C9A2AC6D404009209A5 /* LoginViewViewModel.swift */; };
		14C91C9D2AC6D416009209A5 /* RegisterViewViewModel.swift in Sources */ = {isa = PBXBuildFile; fileRef = 14C91C9C2AC6D416009209A5 /* RegisterViewViewModel.swift */; };
		14C91C9F2AC6D42D009209A5 /* ToDoListItemViewViewModel.swift in Sources */ = {isa = PBXBuildFile; fileRef = 14C91C9E2AC6D42D009209A5 /* ToDoListItemViewViewModel.swift */; };
		14C91CA12AC6F27A009209A5 /* HeaderView.swift in Sources */ = {isa = PBXBuildFile; fileRef = 14C91CA02AC6F27A009209A5 /* HeaderView.swift */; };
		14C91CA42AC70894009209A5 /* TLButton.swift in Sources */ = {isa = PBXBuildFile; fileRef = 14C91CA32AC70894009209A5 /* TLButton.swift */; };
		14C91CA62AC721BA009209A5 /* Extensions.swift in Sources */ = {isa = PBXBuildFile; fileRef = 14C91CA52AC721BA009209A5 /* Extensions.swift */; };
		14C91CA82AC9FA76009209A5 /* Launch Screen.storyboard in Resources */ = {isa = PBXBuildFile; fileRef = 14C91CA72AC9FA76009209A5 /* Launch Screen.storyboard */; };
		14EA27142ABC2BCA00A44DB1 /* ToDoListApp.swift in Sources */ = {isa = PBXBuildFile; fileRef = 14EA27132ABC2BCA00A44DB1 /* ToDoListApp.swift */; };
		14EA27162ABC2BCA00A44DB1 /* MainView.swift in Sources */ = {isa = PBXBuildFile; fileRef = 14EA27152ABC2BCA00A44DB1 /* MainView.swift */; };
		14EA27182ABC2BCC00A44DB1 /* Assets.xcassets in Resources */ = {isa = PBXBuildFile; fileRef = 14EA27172ABC2BCC00A44DB1 /* Assets.xcassets */; };
		14EA271B2ABC2BCC00A44DB1 /* Preview Assets.xcassets in Resources */ = {isa = PBXBuildFile; fileRef = 14EA271A2ABC2BCC00A44DB1 /* Preview Assets.xcassets */; };
/* End PBXBuildFile section */

/* Begin PBXFileReference section */
		14C91C7B2AC6CDFD009209A5 /* GoogleService-Info.plist */ = {isa = PBXFileReference; fileEncoding = 4; lastKnownFileType = text.plist.xml; path = "GoogleService-Info.plist"; sourceTree = "<group>"; };
		14C91C822AC6D270009209A5 /* ProfileView.swift */ = {isa = PBXFileReference; lastKnownFileType = sourcecode.swift; path = ProfileView.swift; sourceTree = "<group>"; };
		14C91C842AC6D289009209A5 /* ToDoListView.swift */ = {isa = PBXFileReference; lastKnownFileType = sourcecode.swift; path = ToDoListView.swift; sourceTree = "<group>"; };
		14C91C862AC6D2A2009209A5 /* NewItemView.swift */ = {isa = PBXFileReference; lastKnownFileType = sourcecode.swift; path = NewItemView.swift; sourceTree = "<group>"; };
		14C91C882AC6D2B1009209A5 /* LoginView.swift */ = {isa = PBXFileReference; lastKnownFileType = sourcecode.swift; path = LoginView.swift; sourceTree = "<group>"; };
		14C91C8A2AC6D2DB009209A5 /* RegisterView.swift */ = {isa = PBXFileReference; lastKnownFileType = sourcecode.swift; path = RegisterView.swift; sourceTree = "<group>"; };
		14C91C8C2AC6D343009209A5 /* ToDoListItemView.swift */ = {isa = PBXFileReference; lastKnownFileType = sourcecode.swift; path = ToDoListItemView.swift; sourceTree = "<group>"; };
		14C91C8E2AC6D397009209A5 /* User.swift */ = {isa = PBXFileReference; lastKnownFileType = sourcecode.swift; path = User.swift; sourceTree = "<group>"; };
		14C91C902AC6D3A4009209A5 /* ToDoListItem.swift */ = {isa = PBXFileReference; lastKnownFileType = sourcecode.swift; path = ToDoListItem.swift; sourceTree = "<group>"; };
		14C91C922AC6D3CA009209A5 /* MainViewViewModel.swift */ = {isa = PBXFileReference; lastKnownFileType = sourcecode.swift; path = MainViewViewModel.swift; sourceTree = "<group>"; };
		14C91C942AC6D3D7009209A5 /* ProfileViewViewModel.swift */ = {isa = PBXFileReference; lastKnownFileType = sourcecode.swift; path = ProfileViewViewModel.swift; sourceTree = "<group>"; };
		14C91C962AC6D3E9009209A5 /* ToDoListViewViewModel.swift */ = {isa = PBXFileReference; lastKnownFileType = sourcecode.swift; path = ToDoListViewViewModel.swift; sourceTree = "<group>"; };
		14C91C982AC6D3FA009209A5 /* NewItemViewViewModel.swift */ = {isa = PBXFileReference; lastKnownFileType = sourcecode.swift; path = NewItemViewViewModel.swift; sourceTree = "<group>"; };
		14C91C9A2AC6D404009209A5 /* LoginViewViewModel.swift */ = {isa = PBXFileReference; lastKnownFileType = sourcecode.swift; path = LoginViewViewModel.swift; sourceTree = "<group>"; };
		14C91C9C2AC6D416009209A5 /* RegisterViewViewModel.swift */ = {isa = PBXFileReference; lastKnownFileType = sourcecode.swift; path = RegisterViewViewModel.swift; sourceTree = "<group>"; };
		14C91C9E2AC6D42D009209A5 /* ToDoListItemViewViewModel.swift */ = {isa = PBXFileReference; lastKnownFileType = sourcecode.swift; path = ToDoListItemViewViewModel.swift; sourceTree = "<group>"; };
		14C91CA02AC6F27A009209A5 /* HeaderView.swift */ = {isa = PBXFileReference; lastKnownFileType = sourcecode.swift; path = HeaderView.swift; sourceTree = "<group>"; };
		14C91CA32AC70894009209A5 /* TLButton.swift */ = {isa = PBXFileReference; lastKnownFileType = sourcecode.swift; path = TLButton.swift; sourceTree = "<group>"; };
		14C91CA52AC721BA009209A5 /* Extensions.swift */ = {isa = PBXFileReference; lastKnownFileType = sourcecode.swift; path = Extensions.swift; sourceTree = "<group>"; };
		14C91CA72AC9FA76009209A5 /* Launch Screen.storyboard */ = {isa = PBXFileReference; lastKnownFileType = file.storyboard; path = "Launch Screen.storyboard"; sourceTree = "<group>"; };
		14EA27102ABC2BCA00A44DB1 /* ToDoList.app */ = {isa = PBXFileReference; explicitFileType = wrapper.application; includeInIndex = 0; path = ToDoList.app; sourceTree = BUILT_PRODUCTS_DIR; };
		14EA27132ABC2BCA00A44DB1 /* ToDoListApp.swift */ = {isa = PBXFileReference; lastKnownFileType = sourcecode.swift; path = ToDoListApp.swift; sourceTree = "<group>"; };
		14EA27152ABC2BCA00A44DB1 /* MainView.swift */ = {isa = PBXFileReference; lastKnownFileType = sourcecode.swift; path = MainView.swift; sourceTree = "<group>"; };
		14EA27172ABC2BCC00A44DB1 /* Assets.xcassets */ = {isa = PBXFileReference; lastKnownFileType = folder.assetcatalog; path = Assets.xcassets; sourceTree = "<group>"; };
		14EA271A2ABC2BCC00A44DB1 /* Preview Assets.xcassets */ = {isa = PBXFileReference; lastKnownFileType = folder.assetcatalog; path = "Preview Assets.xcassets"; sourceTree = "<group>"; };
/* End PBXFileReference section */

/* Begin PBXFrameworksBuildPhase section */
		14EA270D2ABC2BCA00A44DB1 /* Frameworks */ = {
			isa = PBXFrameworksBuildPhase;
			buildActionMask = 2147483647;
			files = (
				14C91C582AC6C91A009209A5 /* FirebaseDatabase in Frameworks */,
				14C91C662AC6C91A009209A5 /* FirebaseFunctionsCombine-Community in Frameworks */,
				14C91C5E2AC6C91A009209A5 /* FirebaseFirestore in Frameworks */,
				14C91C4A2AC6C91A009209A5 /* FirebaseAnalyticsSwift in Frameworks */,
				14C91C462AC6C91A009209A5 /* FirebaseAnalytics in Frameworks */,
				14C91C482AC6C91A009209A5 /* FirebaseAnalyticsOnDeviceConversion in Frameworks */,
				14C91C6E2AC6C91A009209A5 /* FirebaseMLModelDownloader in Frameworks */,
				14C91C622AC6C91A009209A5 /* FirebaseFirestoreSwift in Frameworks */,
				14C91C4E2AC6C91A009209A5 /* FirebaseAppCheck in Frameworks */,
				14C91C4C2AC6C91A009209A5 /* FirebaseAnalyticsWithoutAdIdSupport in Frameworks */,
				14C91C522AC6C91A009209A5 /* FirebaseAuth in Frameworks */,
				14C91C562AC6C91A009209A5 /* FirebaseCrashlytics in Frameworks */,
				14C91C762AC6C91A009209A5 /* FirebaseRemoteConfigSwift in Frameworks */,
				14C91C682AC6C91A009209A5 /* FirebaseInAppMessaging-Beta in Frameworks */,
				14C91C5A2AC6C91A009209A5 /* FirebaseDatabaseSwift in Frameworks */,
				14C91C642AC6C91A009209A5 /* FirebaseFunctions in Frameworks */,
				14C91C7A2AC6C91A009209A5 /* FirebaseStorageCombine-Community in Frameworks */,
				14C91C742AC6C91A009209A5 /* FirebaseRemoteConfig in Frameworks */,
				14C91C502AC6C91A009209A5 /* FirebaseAppDistribution-Beta in Frameworks */,
				14C91C542AC6C91A009209A5 /* FirebaseAuthCombine-Community in Frameworks */,
				14C91C722AC6C91A009209A5 /* FirebasePerformance in Frameworks */,
				14C91C6A2AC6C91A009209A5 /* FirebaseInAppMessagingSwift-Beta in Frameworks */,
				14C91C782AC6C91A009209A5 /* FirebaseStorage in Frameworks */,
				14C91C5C2AC6C91A009209A5 /* FirebaseDynamicLinks in Frameworks */,
				14C91C602AC6C91A009209A5 /* FirebaseFirestoreCombine-Community in Frameworks */,
				14C91C702AC6C91A009209A5 /* FirebaseMessaging in Frameworks */,
				14C91C6C2AC6C91A009209A5 /* FirebaseInstallations in Frameworks */,
			);
			runOnlyForDeploymentPostprocessing = 0;
		};
/* End PBXFrameworksBuildPhase section */

/* Begin PBXGroup section */
		14C91C7D2AC6D0B6009209A5 /* Views */ = {
			isa = PBXGroup;
			children = (
				14C91CA22AC6F2BE009209A5 /* Login */,
				14EA27152ABC2BCA00A44DB1 /* MainView.swift */,
				14C91C822AC6D270009209A5 /* ProfileView.swift */,
				14C91C842AC6D289009209A5 /* ToDoListView.swift */,
				14C91C8C2AC6D343009209A5 /* ToDoListItemView.swift */,
				14C91C862AC6D2A2009209A5 /* NewItemView.swift */,
				14C91C882AC6D2B1009209A5 /* LoginView.swift */,
				14C91C8A2AC6D2DB009209A5 /* RegisterView.swift */,
			);
			path = Views;
			sourceTree = "<group>";
		};
		14C91C7F2AC6D0C4009209A5 /* ViewModels */ = {
			isa = PBXGroup;
			children = (
				14C91C922AC6D3CA009209A5 /* MainViewViewModel.swift */,
				14C91C942AC6D3D7009209A5 /* ProfileViewViewModel.swift */,
				14C91C962AC6D3E9009209A5 /* ToDoListViewViewModel.swift */,
				14C91C9E2AC6D42D009209A5 /* ToDoListItemViewViewModel.swift */,
				14C91C982AC6D3FA009209A5 /* NewItemViewViewModel.swift */,
				14C91C9A2AC6D404009209A5 /* LoginViewViewModel.swift */,
				14C91C9C2AC6D416009209A5 /* RegisterViewViewModel.swift */,
			);
			path = ViewModels;
			sourceTree = "<group>";
		};
		14C91C802AC6D0D6009209A5 /* Models */ = {
			isa = PBXGroup;
			children = (
				14C91C8E2AC6D397009209A5 /* User.swift */,
				14C91C902AC6D3A4009209A5 /* ToDoListItem.swift */,
			);
			path = Models;
			sourceTree = "<group>";
		};
		14C91C812AC6D0EE009209A5 /* Other */ = {
			isa = PBXGroup;
			children = (
				14C91C7B2AC6CDFD009209A5 /* GoogleService-Info.plist */,
				14EA27172ABC2BCC00A44DB1 /* Assets.xcassets */,
				14EA27132ABC2BCA00A44DB1 /* ToDoListApp.swift */,
				14C91CA52AC721BA009209A5 /* Extensions.swift */,
				14C91CA72AC9FA76009209A5 /* Launch Screen.storyboard */,
			);
			path = Other;
			sourceTree = "<group>";
		};
		14C91CA22AC6F2BE009209A5 /* Login */ = {
			isa = PBXGroup;
			children = (
				14C91CA32AC70894009209A5 /* TLButton.swift */,
				14C91CA02AC6F27A009209A5 /* HeaderView.swift */,
			);
			path = Login;
			sourceTree = "<group>";
		};
		14EA27072ABC2BCA00A44DB1 = {
			isa = PBXGroup;
			children = (
				14EA27122ABC2BCA00A44DB1 /* ToDoList */,
				14EA27112ABC2BCA00A44DB1 /* Products */,
			);
			sourceTree = "<group>";
		};
		14EA27112ABC2BCA00A44DB1 /* Products */ = {
			isa = PBXGroup;
			children = (
				14EA27102ABC2BCA00A44DB1 /* ToDoList.app */,
			);
			name = Products;
			sourceTree = "<group>";
		};
		14EA27122ABC2BCA00A44DB1 /* ToDoList */ = {
			isa = PBXGroup;
			children = (
				14C91C812AC6D0EE009209A5 /* Other */,
				14C91C802AC6D0D6009209A5 /* Models */,
				14C91C7F2AC6D0C4009209A5 /* ViewModels */,
				14C91C7D2AC6D0B6009209A5 /* Views */,
				14EA27192ABC2BCC00A44DB1 /* Preview Content */,
			);
			path = ToDoList;
			sourceTree = "<group>";
		};
		14EA27192ABC2BCC00A44DB1 /* Preview Content */ = {
			isa = PBXGroup;
			children = (
				14EA271A2ABC2BCC00A44DB1 /* Preview Assets.xcassets */,
			);
			path = "Preview Content";
			sourceTree = "<group>";
		};
/* End PBXGroup section */

/* Begin PBXNativeTarget section */
		14EA270F2ABC2BCA00A44DB1 /* ToDoList */ = {
			isa = PBXNativeTarget;
			buildConfigurationList = 14EA271E2ABC2BCC00A44DB1 /* Build configuration list for PBXNativeTarget "ToDoList" */;
			buildPhases = (
				14EA270C2ABC2BCA00A44DB1 /* Sources */,
				14EA270D2ABC2BCA00A44DB1 /* Frameworks */,
				14EA270E2ABC2BCA00A44DB1 /* Resources */,
			);
			buildRules = (
			);
			dependencies = (
			);
			name = ToDoList;
			packageProductDependencies = (
				14C91C452AC6C91A009209A5 /* FirebaseAnalytics */,
				14C91C472AC6C91A009209A5 /* FirebaseAnalyticsOnDeviceConversion */,
				14C91C492AC6C91A009209A5 /* FirebaseAnalyticsSwift */,
				14C91C4B2AC6C91A009209A5 /* FirebaseAnalyticsWithoutAdIdSupport */,
				14C91C4D2AC6C91A009209A5 /* FirebaseAppCheck */,
				14C91C4F2AC6C91A009209A5 /* FirebaseAppDistribution-Beta */,
				14C91C512AC6C91A009209A5 /* FirebaseAuth */,
				14C91C532AC6C91A009209A5 /* FirebaseAuthCombine-Community */,
				14C91C552AC6C91A009209A5 /* FirebaseCrashlytics */,
				14C91C572AC6C91A009209A5 /* FirebaseDatabase */,
				14C91C592AC6C91A009209A5 /* FirebaseDatabaseSwift */,
				14C91C5B2AC6C91A009209A5 /* FirebaseDynamicLinks */,
				14C91C5D2AC6C91A009209A5 /* FirebaseFirestore */,
				14C91C5F2AC6C91A009209A5 /* FirebaseFirestoreCombine-Community */,
				14C91C612AC6C91A009209A5 /* FirebaseFirestoreSwift */,
				14C91C632AC6C91A009209A5 /* FirebaseFunctions */,
				14C91C652AC6C91A009209A5 /* FirebaseFunctionsCombine-Community */,
				14C91C672AC6C91A009209A5 /* FirebaseInAppMessaging-Beta */,
				14C91C692AC6C91A009209A5 /* FirebaseInAppMessagingSwift-Beta */,
				14C91C6B2AC6C91A009209A5 /* FirebaseInstallations */,
				14C91C6D2AC6C91A009209A5 /* FirebaseMLModelDownloader */,
				14C91C6F2AC6C91A009209A5 /* FirebaseMessaging */,
				14C91C712AC6C91A009209A5 /* FirebasePerformance */,
				14C91C732AC6C91A009209A5 /* FirebaseRemoteConfig */,
				14C91C752AC6C91A009209A5 /* FirebaseRemoteConfigSwift */,
				14C91C772AC6C91A009209A5 /* FirebaseStorage */,
				14C91C792AC6C91A009209A5 /* FirebaseStorageCombine-Community */,
			);
			productName = ToDoList;
			productReference = 14EA27102ABC2BCA00A44DB1 /* ToDoList.app */;
			productType = "com.apple.product-type.application";
		};
/* End PBXNativeTarget section */

/* Begin PBXProject section */
		14EA27082ABC2BCA00A44DB1 /* Project object */ = {
			isa = PBXProject;
			attributes = {
				BuildIndependentTargetsInParallel = 1;
				LastSwiftUpdateCheck = 1500;
				LastUpgradeCheck = 1500;
				TargetAttributes = {
					14EA270F2ABC2BCA00A44DB1 = {
						CreatedOnToolsVersion = 15.0;
					};
				};
			};
			buildConfigurationList = 14EA270B2ABC2BCA00A44DB1 /* Build configuration list for PBXProject "ToDoList" */;
			compatibilityVersion = "Xcode 14.0";
			developmentRegion = en;
			hasScannedForEncodings = 0;
			knownRegions = (
				en,
				Base,
			);
			mainGroup = 14EA27072ABC2BCA00A44DB1;
			packageReferences = (
				14C91C442AC6C91A009209A5 /* XCRemoteSwiftPackageReference "firebase-ios-sdk" */,
			);
			productRefGroup = 14EA27112ABC2BCA00A44DB1 /* Products */;
			projectDirPath = "";
			projectRoot = "";
			targets = (
				14EA270F2ABC2BCA00A44DB1 /* ToDoList */,
			);
		};
/* End PBXProject section */

/* Begin PBXResourcesBuildPhase section */
		14EA270E2ABC2BCA00A44DB1 /* Resources */ = {
			isa = PBXResourcesBuildPhase;
			buildActionMask = 2147483647;
			files = (
				14EA271B2ABC2BCC00A44DB1 /* Preview Assets.xcassets in Resources */,
				14EA27182ABC2BCC00A44DB1 /* Assets.xcassets in Resources */,
				14C91CA82AC9FA76009209A5 /* Launch Screen.storyboard in Resources */,
				14C91C7C2AC6CDFD009209A5 /* GoogleService-Info.plist in Resources */,
			);
			runOnlyForDeploymentPostprocessing = 0;
		};
/* End PBXResourcesBuildPhase section */

/* Begin PBXSourcesBuildPhase section */
		14EA270C2ABC2BCA00A44DB1 /* Sources */ = {
			isa = PBXSourcesBuildPhase;
			buildActionMask = 2147483647;
			files = (
				14C91C892AC6D2B1009209A5 /* LoginView.swift in Sources */,
				14C91CA12AC6F27A009209A5 /* HeaderView.swift in Sources */,
				14EA27162ABC2BCA00A44DB1 /* MainView.swift in Sources */,
				14C91C9D2AC6D416009209A5 /* RegisterViewViewModel.swift in Sources */,
				14C91C932AC6D3CA009209A5 /* MainViewViewModel.swift in Sources */,
				14C91C852AC6D289009209A5 /* ToDoListView.swift in Sources */,
				14C91C972AC6D3E9009209A5 /* ToDoListViewViewModel.swift in Sources */,
				14C91CA42AC70894009209A5 /* TLButton.swift in Sources */,
				14C91C8B2AC6D2DB009209A5 /* RegisterView.swift in Sources */,
				14C91C952AC6D3D7009209A5 /* ProfileViewViewModel.swift in Sources */,
				14C91C832AC6D270009209A5 /* ProfileView.swift in Sources */,
				14C91C8F2AC6D397009209A5 /* User.swift in Sources */,
				14C91C8D2AC6D343009209A5 /* ToDoListItemView.swift in Sources */,
				14C91C9B2AC6D404009209A5 /* LoginViewViewModel.swift in Sources */,
				14EA27142ABC2BCA00A44DB1 /* ToDoListApp.swift in Sources */,
				14C91CA62AC721BA009209A5 /* Extensions.swift in Sources */,
				14C91C912AC6D3A4009209A5 /* ToDoListItem.swift in Sources */,
				14C91C872AC6D2A2009209A5 /* NewItemView.swift in Sources */,
				14C91C992AC6D3FA009209A5 /* NewItemViewViewModel.swift in Sources */,
				14C91C9F2AC6D42D009209A5 /* ToDoListItemViewViewModel.swift in Sources */,
			);
			runOnlyForDeploymentPostprocessing = 0;
		};
/* End PBXSourcesBuildPhase section */

/* Begin XCBuildConfiguration section */
		14EA271C2ABC2BCC00A44DB1 /* Debug */ = {
			isa = XCBuildConfiguration;
			buildSettings = {
				ALWAYS_SEARCH_USER_PATHS = NO;
				ASSETCATALOG_COMPILER_GENERATE_SWIFT_ASSET_SYMBOL_EXTENSIONS = YES;
				CLANG_ANALYZER_NONNULL = YES;
				CLANG_ANALYZER_NUMBER_OBJECT_CONVERSION = YES_AGGRESSIVE;
				CLANG_CXX_LANGUAGE_STANDARD = "gnu++20";
				CLANG_ENABLE_MODULES = YES;
				CLANG_ENABLE_OBJC_ARC = YES;
				CLANG_ENABLE_OBJC_WEAK = YES;
				CLANG_WARN_BLOCK_CAPTURE_AUTORELEASING = YES;
				CLANG_WARN_BOOL_CONVERSION = YES;
				CLANG_WARN_COMMA = YES;
				CLANG_WARN_CONSTANT_CONVERSION = YES;
				CLANG_WARN_DEPRECATED_OBJC_IMPLEMENTATIONS = YES;
				CLANG_WARN_DIRECT_OBJC_ISA_USAGE = YES_ERROR;
				CLANG_WARN_DOCUMENTATION_COMMENTS = YES;
				CLANG_WARN_EMPTY_BODY = YES;
				CLANG_WARN_ENUM_CONVERSION = YES;
				CLANG_WARN_INFINITE_RECURSION = YES;
				CLANG_WARN_INT_CONVERSION = YES;
				CLANG_WARN_NON_LITERAL_NULL_CONVERSION = YES;
				CLANG_WARN_OBJC_IMPLICIT_RETAIN_SELF = YES;
				CLANG_WARN_OBJC_LITERAL_CONVERSION = YES;
				CLANG_WARN_OBJC_ROOT_CLASS = YES_ERROR;
				CLANG_WARN_QUOTED_INCLUDE_IN_FRAMEWORK_HEADER = YES;
				CLANG_WARN_RANGE_LOOP_ANALYSIS = YES;
				CLANG_WARN_STRICT_PROTOTYPES = YES;
				CLANG_WARN_SUSPICIOUS_MOVE = YES;
				CLANG_WARN_UNGUARDED_AVAILABILITY = YES_AGGRESSIVE;
				CLANG_WARN_UNREACHABLE_CODE = YES;
				CLANG_WARN__DUPLICATE_METHOD_MATCH = YES;
				COPY_PHASE_STRIP = NO;
				DEBUG_INFORMATION_FORMAT = dwarf;
				ENABLE_STRICT_OBJC_MSGSEND = YES;
				ENABLE_TESTABILITY = YES;
				ENABLE_USER_SCRIPT_SANDBOXING = YES;
				GCC_C_LANGUAGE_STANDARD = gnu17;
				GCC_DYNAMIC_NO_PIC = NO;
				GCC_NO_COMMON_BLOCKS = YES;
				GCC_OPTIMIZATION_LEVEL = 0;
				GCC_PREPROCESSOR_DEFINITIONS = (
					"DEBUG=1",
					"$(inherited)",
				);
				GCC_WARN_64_TO_32_BIT_CONVERSION = YES;
				GCC_WARN_ABOUT_RETURN_TYPE = YES_ERROR;
				GCC_WARN_UNDECLARED_SELECTOR = YES;
				GCC_WARN_UNINITIALIZED_AUTOS = YES_AGGRESSIVE;
				GCC_WARN_UNUSED_FUNCTION = YES;
				GCC_WARN_UNUSED_VARIABLE = YES;
				IPHONEOS_DEPLOYMENT_TARGET = 17.0;
				LOCALIZATION_PREFERS_STRING_CATALOGS = YES;
				MTL_ENABLE_DEBUG_INFO = INCLUDE_SOURCE;
				MTL_FAST_MATH = YES;
				ONLY_ACTIVE_ARCH = YES;
				SDKROOT = iphoneos;
				SWIFT_ACTIVE_COMPILATION_CONDITIONS = "DEBUG $(inherited)";
				SWIFT_OPTIMIZATION_LEVEL = "-Onone";
			};
			name = Debug;
		};
		14EA271D2ABC2BCC00A44DB1 /* Release */ = {
			isa = XCBuildConfiguration;
			buildSettings = {
				ALWAYS_SEARCH_USER_PATHS = NO;
				ASSETCATALOG_COMPILER_GENERATE_SWIFT_ASSET_SYMBOL_EXTENSIONS = YES;
				CLANG_ANALYZER_NONNULL = YES;
				CLANG_ANALYZER_NUMBER_OBJECT_CONVERSION = YES_AGGRESSIVE;
				CLANG_CXX_LANGUAGE_STANDARD = "gnu++20";
				CLANG_ENABLE_MODULES = YES;
				CLANG_ENABLE_OBJC_ARC = YES;
				CLANG_ENABLE_OBJC_WEAK = YES;
				CLANG_WARN_BLOCK_CAPTURE_AUTORELEASING = YES;
				CLANG_WARN_BOOL_CONVERSION = YES;
				CLANG_WARN_COMMA = YES;
				CLANG_WARN_CONSTANT_CONVERSION = YES;
				CLANG_WARN_DEPRECATED_OBJC_IMPLEMENTATIONS = YES;
				CLANG_WARN_DIRECT_OBJC_ISA_USAGE = YES_ERROR;
				CLANG_WARN_DOCUMENTATION_COMMENTS = YES;
				CLANG_WARN_EMPTY_BODY = YES;
				CLANG_WARN_ENUM_CONVERSION = YES;
				CLANG_WARN_INFINITE_RECURSION = YES;
				CLANG_WARN_INT_CONVERSION = YES;
				CLANG_WARN_NON_LITERAL_NULL_CONVERSION = YES;
				CLANG_WARN_OBJC_IMPLICIT_RETAIN_SELF = YES;
				CLANG_WARN_OBJC_LITERAL_CONVERSION = YES;
				CLANG_WARN_OBJC_ROOT_CLASS = YES_ERROR;
				CLANG_WARN_QUOTED_INCLUDE_IN_FRAMEWORK_HEADER = YES;
				CLANG_WARN_RANGE_LOOP_ANALYSIS = YES;
				CLANG_WARN_STRICT_PROTOTYPES = YES;
				CLANG_WARN_SUSPICIOUS_MOVE = YES;
				CLANG_WARN_UNGUARDED_AVAILABILITY = YES_AGGRESSIVE;
				CLANG_WARN_UNREACHABLE_CODE = YES;
				CLANG_WARN__DUPLICATE_METHOD_MATCH = YES;
				COPY_PHASE_STRIP = NO;
				DEBUG_INFORMATION_FORMAT = "dwarf-with-dsym";
				ENABLE_NS_ASSERTIONS = NO;
				ENABLE_STRICT_OBJC_MSGSEND = YES;
				ENABLE_USER_SCRIPT_SANDBOXING = YES;
				GCC_C_LANGUAGE_STANDARD = gnu17;
				GCC_NO_COMMON_BLOCKS = YES;
				GCC_WARN_64_TO_32_BIT_CONVERSION = YES;
				GCC_WARN_ABOUT_RETURN_TYPE = YES_ERROR;
				GCC_WARN_UNDECLARED_SELECTOR = YES;
				GCC_WARN_UNINITIALIZED_AUTOS = YES_AGGRESSIVE;
				GCC_WARN_UNUSED_FUNCTION = YES;
				GCC_WARN_UNUSED_VARIABLE = YES;
				IPHONEOS_DEPLOYMENT_TARGET = 17.0;
				LOCALIZATION_PREFERS_STRING_CATALOGS = YES;
				MTL_ENABLE_DEBUG_INFO = NO;
				MTL_FAST_MATH = YES;
				SDKROOT = iphoneos;
				SWIFT_COMPILATION_MODE = wholemodule;
				VALIDATE_PRODUCT = YES;
			};
			name = Release;
		};
		14EA271F2ABC2BCC00A44DB1 /* Debug */ = {
			isa = XCBuildConfiguration;
			buildSettings = {
				ASSETCATALOG_COMPILER_APPICON_NAME = AppIcon;
				ASSETCATALOG_COMPILER_GLOBAL_ACCENT_COLOR_NAME = AccentColor;
				CODE_SIGN_STYLE = Automatic;
				CURRENT_PROJECT_VERSION = 1;
				DEVELOPMENT_ASSET_PATHS = "\"ToDoList/Preview Content\"";
				ENABLE_PREVIEWS = YES;
				GENERATE_INFOPLIST_FILE = YES;
				INFOPLIST_KEY_UIApplicationSceneManifest_Generation = YES;
				INFOPLIST_KEY_UIApplicationSupportsIndirectInputEvents = YES;
				INFOPLIST_KEY_UILaunchScreen_Generation = YES;
				INFOPLIST_KEY_UILaunchStoryboardName = "Launch Screen.storyboard";
				INFOPLIST_KEY_UISupportedInterfaceOrientations = UIInterfaceOrientationPortrait;
				LD_RUNPATH_SEARCH_PATHS = (
					"$(inherited)",
					"@executable_path/Frameworks",
				);
				MARKETING_VERSION = 1.0;
				PRODUCT_BUNDLE_IDENTIFIER = "Alexey-Manankov.ToDoList";
				PRODUCT_NAME = "$(TARGET_NAME)";
				SWIFT_EMIT_LOC_STRINGS = YES;
				SWIFT_VERSION = 5.0;
				TARGETED_DEVICE_FAMILY = "1,2";
			};
			name = Debug;
		};
		14EA27202ABC2BCC00A44DB1 /* Release */ = {
			isa = XCBuildConfiguration;
			buildSettings = {
				ASSETCATALOG_COMPILER_APPICON_NAME = AppIcon;
				ASSETCATALOG_COMPILER_GLOBAL_ACCENT_COLOR_NAME = AccentColor;
				CODE_SIGN_STYLE = Automatic;
				CURRENT_PROJECT_VERSION = 1;
				DEVELOPMENT_ASSET_PATHS = "\"ToDoList/Preview Content\"";
				ENABLE_PREVIEWS = YES;
				GENERATE_INFOPLIST_FILE = YES;
				INFOPLIST_KEY_UIApplicationSceneManifest_Generation = YES;
				INFOPLIST_KEY_UIApplicationSupportsIndirectInputEvents = YES;
				INFOPLIST_KEY_UILaunchScreen_Generation = YES;
				INFOPLIST_KEY_UILaunchStoryboardName = "Launch Screen.storyboard";
				INFOPLIST_KEY_UISupportedInterfaceOrientations = UIInterfaceOrientationPortrait;
				LD_RUNPATH_SEARCH_PATHS = (
					"$(inherited)",
					"@executable_path/Frameworks",
				);
				MARKETING_VERSION = 1.0;
				PRODUCT_BUNDLE_IDENTIFIER = "Alexey-Manankov.ToDoList";
				PRODUCT_NAME = "$(TARGET_NAME)";
				SWIFT_EMIT_LOC_STRINGS = YES;
				SWIFT_VERSION = 5.0;
				TARGETED_DEVICE_FAMILY = "1,2";
			};
			name = Release;
		};
/* End XCBuildConfiguration section */

/* Begin XCConfigurationList section */
		14EA270B2ABC2BCA00A44DB1 /* Build configuration list for PBXProject "ToDoList" */ = {
			isa = XCConfigurationList;
			buildConfigurations = (
				14EA271C2ABC2BCC00A44DB1 /* Debug */,
				14EA271D2ABC2BCC00A44DB1 /* Release */,
			);
			defaultConfigurationIsVisible = 0;
			defaultConfigurationName = Release;
		};
		14EA271E2ABC2BCC00A44DB1 /* Build configuration list for PBXNativeTarget "ToDoList" */ = {
			isa = XCConfigurationList;
			buildConfigurations = (
				14EA271F2ABC2BCC00A44DB1 /* Debug */,
				14EA27202ABC2BCC00A44DB1 /* Release */,
			);
			defaultConfigurationIsVisible = 0;
			defaultConfigurationName = Release;
		};
/* End XCConfigurationList section */

/* Begin XCRemoteSwiftPackageReference section */
		14C91C442AC6C91A009209A5 /* XCRemoteSwiftPackageReference "firebase-ios-sdk" */ = {
			isa = XCRemoteSwiftPackageReference;
			repositoryURL = "https://github.com/firebase/firebase-ios-sdk.git";
			requirement = {
				kind = upToNextMajorVersion;
				minimumVersion = 10.15.0;
			};
		};
/* End XCRemoteSwiftPackageReference section */

/* Begin XCSwiftPackageProductDependency section */
		14C91C452AC6C91A009209A5 /* FirebaseAnalytics */ = {
			isa = XCSwiftPackageProductDependency;
			package = 14C91C442AC6C91A009209A5 /* XCRemoteSwiftPackageReference "firebase-ios-sdk" */;
			productName = FirebaseAnalytics;
		};
		14C91C472AC6C91A009209A5 /* FirebaseAnalyticsOnDeviceConversion */ = {
			isa = XCSwiftPackageProductDependency;
			package = 14C91C442AC6C91A009209A5 /* XCRemoteSwiftPackageReference "firebase-ios-sdk" */;
			productName = FirebaseAnalyticsOnDeviceConversion;
		};
		14C91C492AC6C91A009209A5 /* FirebaseAnalyticsSwift */ = {
			isa = XCSwiftPackageProductDependency;
			package = 14C91C442AC6C91A009209A5 /* XCRemoteSwiftPackageReference "firebase-ios-sdk" */;
			productName = FirebaseAnalyticsSwift;
		};
		14C91C4B2AC6C91A009209A5 /* FirebaseAnalyticsWithoutAdIdSupport */ = {
			isa = XCSwiftPackageProductDependency;
			package = 14C91C442AC6C91A009209A5 /* XCRemoteSwiftPackageReference "firebase-ios-sdk" */;
			productName = FirebaseAnalyticsWithoutAdIdSupport;
		};
		14C91C4D2AC6C91A009209A5 /* FirebaseAppCheck */ = {
			isa = XCSwiftPackageProductDependency;
			package = 14C91C442AC6C91A009209A5 /* XCRemoteSwiftPackageReference "firebase-ios-sdk" */;
			productName = FirebaseAppCheck;
		};
		14C91C4F2AC6C91A009209A5 /* FirebaseAppDistribution-Beta */ = {
			isa = XCSwiftPackageProductDependency;
			package = 14C91C442AC6C91A009209A5 /* XCRemoteSwiftPackageReference "firebase-ios-sdk" */;
			productName = "FirebaseAppDistribution-Beta";
		};
		14C91C512AC6C91A009209A5 /* FirebaseAuth */ = {
			isa = XCSwiftPackageProductDependency;
			package = 14C91C442AC6C91A009209A5 /* XCRemoteSwiftPackageReference "firebase-ios-sdk" */;
			productName = FirebaseAuth;
		};
		14C91C532AC6C91A009209A5 /* FirebaseAuthCombine-Community */ = {
			isa = XCSwiftPackageProductDependency;
			package = 14C91C442AC6C91A009209A5 /* XCRemoteSwiftPackageReference "firebase-ios-sdk" */;
			productName = "FirebaseAuthCombine-Community";
		};
		14C91C552AC6C91A009209A5 /* FirebaseCrashlytics */ = {
			isa = XCSwiftPackageProductDependency;
			package = 14C91C442AC6C91A009209A5 /* XCRemoteSwiftPackageReference "firebase-ios-sdk" */;
			productName = FirebaseCrashlytics;
		};
		14C91C572AC6C91A009209A5 /* FirebaseDatabase */ = {
			isa = XCSwiftPackageProductDependency;
			package = 14C91C442AC6C91A009209A5 /* XCRemoteSwiftPackageReference "firebase-ios-sdk" */;
			productName = FirebaseDatabase;
		};
		14C91C592AC6C91A009209A5 /* FirebaseDatabaseSwift */ = {
			isa = XCSwiftPackageProductDependency;
			package = 14C91C442AC6C91A009209A5 /* XCRemoteSwiftPackageReference "firebase-ios-sdk" */;
			productName = FirebaseDatabaseSwift;
		};
		14C91C5B2AC6C91A009209A5 /* FirebaseDynamicLinks */ = {
			isa = XCSwiftPackageProductDependency;
			package = 14C91C442AC6C91A009209A5 /* XCRemoteSwiftPackageReference "firebase-ios-sdk" */;
			productName = FirebaseDynamicLinks;
		};
		14C91C5D2AC6C91A009209A5 /* FirebaseFirestore */ = {
			isa = XCSwiftPackageProductDependency;
			package = 14C91C442AC6C91A009209A5 /* XCRemoteSwiftPackageReference "firebase-ios-sdk" */;
			productName = FirebaseFirestore;
		};
		14C91C5F2AC6C91A009209A5 /* FirebaseFirestoreCombine-Community */ = {
			isa = XCSwiftPackageProductDependency;
			package = 14C91C442AC6C91A009209A5 /* XCRemoteSwiftPackageReference "firebase-ios-sdk" */;
			productName = "FirebaseFirestoreCombine-Community";
		};
		14C91C612AC6C91A009209A5 /* FirebaseFirestoreSwift */ = {
			isa = XCSwiftPackageProductDependency;
			package = 14C91C442AC6C91A009209A5 /* XCRemoteSwiftPackageReference "firebase-ios-sdk" */;
			productName = FirebaseFirestoreSwift;
		};
		14C91C632AC6C91A009209A5 /* FirebaseFunctions */ = {
			isa = XCSwiftPackageProductDependency;
			package = 14C91C442AC6C91A009209A5 /* XCRemoteSwiftPackageReference "firebase-ios-sdk" */;
			productName = FirebaseFunctions;
		};
		14C91C652AC6C91A009209A5 /* FirebaseFunctionsCombine-Community */ = {
			isa = XCSwiftPackageProductDependency;
			package = 14C91C442AC6C91A009209A5 /* XCRemoteSwiftPackageReference "firebase-ios-sdk" */;
			productName = "FirebaseFunctionsCombine-Community";
		};
		14C91C672AC6C91A009209A5 /* FirebaseInAppMessaging-Beta */ = {
			isa = XCSwiftPackageProductDependency;
			package = 14C91C442AC6C91A009209A5 /* XCRemoteSwiftPackageReference "firebase-ios-sdk" */;
			productName = "FirebaseInAppMessaging-Beta";
		};
		14C91C692AC6C91A009209A5 /* FirebaseInAppMessagingSwift-Beta */ = {
			isa = XCSwiftPackageProductDependency;
			package = 14C91C442AC6C91A009209A5 /* XCRemoteSwiftPackageReference "firebase-ios-sdk" */;
			productName = "FirebaseInAppMessagingSwift-Beta";
		};
		14C91C6B2AC6C91A009209A5 /* FirebaseInstallations */ = {
			isa = XCSwiftPackageProductDependency;
			package = 14C91C442AC6C91A009209A5 /* XCRemoteSwiftPackageReference "firebase-ios-sdk" */;
			productName = FirebaseInstallations;
		};
		14C91C6D2AC6C91A009209A5 /* FirebaseMLModelDownloader */ = {
			isa = XCSwiftPackageProductDependency;
			package = 14C91C442AC6C91A009209A5 /* XCRemoteSwiftPackageReference "firebase-ios-sdk" */;
			productName = FirebaseMLModelDownloader;
		};
		14C91C6F2AC6C91A009209A5 /* FirebaseMessaging */ = {
			isa = XCSwiftPackageProductDependency;
			package = 14C91C442AC6C91A009209A5 /* XCRemoteSwiftPackageReference "firebase-ios-sdk" */;
			productName = FirebaseMessaging;
		};
		14C91C712AC6C91A009209A5 /* FirebasePerformance */ = {
			isa = XCSwiftPackageProductDependency;
			package = 14C91C442AC6C91A009209A5 /* XCRemoteSwiftPackageReference "firebase-ios-sdk" */;
			productName = FirebasePerformance;
		};
		14C91C732AC6C91A009209A5 /* FirebaseRemoteConfig */ = {
			isa = XCSwiftPackageProductDependency;
			package = 14C91C442AC6C91A009209A5 /* XCRemoteSwiftPackageReference "firebase-ios-sdk" */;
			productName = FirebaseRemoteConfig;
		};
		14C91C752AC6C91A009209A5 /* FirebaseRemoteConfigSwift */ = {
			isa = XCSwiftPackageProductDependency;
			package = 14C91C442AC6C91A009209A5 /* XCRemoteSwiftPackageReference "firebase-ios-sdk" */;
			productName = FirebaseRemoteConfigSwift;
		};
		14C91C772AC6C91A009209A5 /* FirebaseStorage */ = {
			isa = XCSwiftPackageProductDependency;
			package = 14C91C442AC6C91A009209A5 /* XCRemoteSwiftPackageReference "firebase-ios-sdk" */;
			productName = FirebaseStorage;
		};
		14C91C792AC6C91A009209A5 /* FirebaseStorageCombine-Community */ = {
			isa = XCSwiftPackageProductDependency;
			package = 14C91C442AC6C91A009209A5 /* XCRemoteSwiftPackageReference "firebase-ios-sdk" */;
			productName = "FirebaseStorageCombine-Community";
		};
/* End XCSwiftPackageProductDependency section */
	};
	rootObject = 14EA27082ABC2BCA00A44DB1 /* Project object */;
}
